
Microsoft Visual Studio Solution File, Format Version 12.00
# Visual Studio Version 16
VisualStudioVersion = 16.0.31005.135
MinimumVisualStudioVersion = 10.0.40219.1
Project("{FAE04EC0-301F-11D3-BF4B-00C04F79EFBC}") = "AplicatieWebRentaMarius", "AplicatieWebRentaMarius.csproj", "{6AF21339-E8B3-4436-A17B-7A98C31A99D8}"
EndProject
Global
	GlobalSection(SolutionConfigurationPlatforms) = preSolution
		Debug|Any CPU = Debug|Any CPU
		Release|Any CPU = Release|Any CPU
	EndGlobalSection
	GlobalSection(ProjectConfigurationPlatforms) = postSolution
		{6AF21339-E8B3-4436-A17B-7A98C31A99D8}.Debug|Any CPU.ActiveCfg = Debug|Any CPU
		{6AF21339-E8B3-4436-A17B-7A98C31A99D8}.Debug|Any CPU.Build.0 = Debug|Any CPU
		{6AF21339-E8B3-4436-A17B-7A98C31A99D8}.Release|Any CPU.ActiveCfg = Release|Any CPU
		{6AF21339-E8B3-4436-A17B-7A98C31A99D8}.Release|Any CPU.Build.0 = Release|Any CPU
	EndGlobalSection
	GlobalSection(SolutionProperties) = preSolution
		HideSolutionNode = FALSE
	EndGlobalSection
	GlobalSection(ExtensibilityGlobals) = postSolution
		SolutionGuid = {1C19A5D7-1024-418E-B109-9FC478BBEED1}
	EndGlobalSection
EndGlobal
